// !$*UTF8*$!
{
	archiveVersion = 1;
	classes = {
	};
	objectVersion = 77;
	objects = {

/* Begin PBXBuildFile section */
		E0A0BDE97100B5B427223E75 /* Pods_tuya_aivoice_ios_sdk_sample_objc.framework in Frameworks */ = {isa = PBXBuildFile; fileRef = C5108FDC48B52CAEB1791F27 /* Pods_tuya_aivoice_ios_sdk_sample_objc.framework */; };
/* End PBXBuildFile section */

/* Begin PBXFileReference section */
		0222210938E0D06DF544ACDC /* Pods-tuya-aivoice-ios-sdk-sample-objc.debug.xcconfig */ = {isa = PBXFileReference; includeInIndex = 1; lastKnownFileType = text.xcconfig; name = "Pods-tuya-aivoice-ios-sdk-sample-objc.debug.xcconfig"; path = "Target Support Files/Pods-tuya-aivoice-ios-sdk-sample-objc/Pods-tuya-aivoice-ios-sdk-sample-objc.debug.xcconfig"; sourceTree = "<group>"; };
		2F779D8F2F2A367B003B1627 /* tuya-aivoice-ios-sdk-sample-objc.app */ = {isa = PBXFileReference; explicitFileType = wrapper.application; includeInIndex = 0; path = "tuya-aivoice-ios-sdk-sample-objc.app"; sourceTree = BUILT_PRODUCTS_DIR; };
		5785670D15A60378245F8CC9 /* Pods-tuya-aivoice-ios-sdk-sample-objc.release.xcconfig */ = {isa = PBXFileReference; includeInIndex = 1; lastKnownFileType = text.xcconfig; name = "Pods-tuya-aivoice-ios-sdk-sample-objc.release.xcconfig"; path = "Target Support Files/Pods-tuya-aivoice-ios-sdk-sample-objc/Pods-tuya-aivoice-ios-sdk-sample-objc.release.xcconfig"; sourceTree = "<group>"; };
		C5108FDC48B52CAEB1791F27 /* Pods_tuya_aivoice_ios_sdk_sample_objc.framework */ = {isa = PBXFileReference; explicitFileType = wrapper.framework; includeInIndex = 0; path = Pods_tuya_aivoice_ios_sdk_sample_objc.framework; sourceTree = BUILT_PRODUCTS_DIR; };
/* End PBXFileReference section */

/* Begin PBXFileSystemSynchronizedBuildFileExceptionSet section */
		2F779DE82F2A37F7003B1627 /* Exceptions for "tuya-aivoice-ios-sdk-sample-objc" folder in "tuya-aivoice-ios-sdk-sample-objc" target */ = {
			isa = PBXFileSystemSynchronizedBuildFileExceptionSet;
			membershipExceptions = (
				.cursor/family_rules.mdc,
				.cursor/miniapp_rules.mdc,
				Info.plist,
			);
			target = 2F779D8E2F2A367B003B1627 /* tuya-aivoice-ios-sdk-sample-objc */;
		};
/* End PBXFileSystemSynchronizedBuildFileExceptionSet section */

/* Begin PBXFileSystemSynchronizedRootGroup section */
		2F779D912F2A367B003B1627 /* tuya-aivoice-ios-sdk-sample-objc */ = {
			isa = PBXFileSystemSynchronizedRootGroup;
			exceptions = (
				2F779DE82F2A37F7003B1627 /* Exceptions for "tuya-aivoice-ios-sdk-sample-objc" folder in "tuya-aivoice-ios-sdk-sample-objc" target */,
			);
			path = "tuya-aivoice-ios-sdk-sample-objc";
			sourceTree = "<group>";
		};
/* End PBXFileSystemSynchronizedRootGroup section */

/* Begin PBXFrameworksBuildPhase section */
		2F779D8C2F2A367B003B1627 /* Frameworks */ = {
			isa = PBXFrameworksBuildPhase;
			buildActionMask = 2147483647;
			files = (
				E0A0BDE97100B5B427223E75 /* Pods_tuya_aivoice_ios_sdk_sample_objc.framework in Frameworks */,
			);
			runOnlyForDeploymentPostprocessing = 0;
		};
/* End PBXFrameworksBuildPhase section */

/* Begin PBXGroup section */
		2F613C34C793EE78F54F0054 /* Pods */ = {
			isa = PBXGroup;
			children = (
				0222210938E0D06DF544ACDC /* Pods-tuya-aivoice-ios-sdk-sample-objc.debug.xcconfig */,
				5785670D15A60378245F8CC9 /* Pods-tuya-aivoice-ios-sdk-sample-objc.release.xcconfig */,
			);
			path = Pods;
			sourceTree = "<group>";
		};
		2F779D862F2A367B003B1627 = {
			isa = PBXGroup;
			children = (
				2F779D912F2A367B003B1627 /* tuya-aivoice-ios-sdk-sample-objc */,
				2F779D902F2A367B003B1627 /* Products */,
				2F613C34C793EE78F54F0054 /* Pods */,
				3F75A1934BA2E3D3A5E49988 /* Frameworks */,
			);
			sourceTree = "<group>";
		};
		2F779D902F2A367B003B1627 /* Products */ = {
			isa = PBXGroup;
			children = (
				2F779D8F2F2A367B003B1627 /* tuya-aivoice-ios-sdk-sample-objc.app */,
			);
			name = Products;
			sourceTree = "<group>";
		};
		3F75A1934BA2E3D3A5E49988 /* Frameworks */ = {
			isa = PBXGroup;
			children = (
				C5108FDC48B52CAEB1791F27 /* Pods_tuya_aivoice_ios_sdk_sample_objc.framework */,
			);
			name = Frameworks;
			sourceTree = "<group>";
		};
/* End PBXGroup section */

/* Begin PBXNativeTarget section */
		2F779D8E2F2A367B003B1627 /* tuya-aivoice-ios-sdk-sample-objc */ = {
			isa = PBXNativeTarget;
			buildConfigurationList = 2F779DA72F2A367D003B1627 /* Build configuration list for PBXNativeTarget "tuya-aivoice-ios-sdk-sample-objc" */;
			buildPhases = (
				4EA0A3D9E0C9A507ADB187CA /* [CP] Check Pods Manifest.lock */,
				2F779D8B2F2A367B003B1627 /* Sources */,
				2F779D8C2F2A367B003B1627 /* Frameworks */,
				2F779D8D2F2A367B003B1627 /* Resources */,
				5DF0AC38941A7B887A7B2E40 /* [CP] Embed Pods Frameworks */,
				94663A92B86CB4F12B8E4222 /* [CP] Copy Pods Resources */,
			);
			buildRules = (
			);
			dependencies = (
			);
			fileSystemSynchronizedGroups = (
				2F779D912F2A367B003B1627 /* tuya-aivoice-ios-sdk-sample-objc */,
			);
			name = "tuya-aivoice-ios-sdk-sample-objc";
			productName = "tuya-aivoice-ios-sdk-sample-objc";
			productReference = 2F779D8F2F2A367B003B1627 /* tuya-aivoice-ios-sdk-sample-objc.app */;
			productType = "com.apple.product-type.application";
		};
/* End PBXNativeTarget section */

/* Begin PBXProject section */
		2F779D872F2A367B003B1627 /* Project object */ = {
			isa = PBXProject;
			attributes = {
				BuildIndependentTargetsInParallel = 1;
				LastUpgradeCheck = 2620;
				TargetAttributes = {
					2F779D8E2F2A367B003B1627 = {
						CreatedOnToolsVersion = 26.2;
					};
				};
			};
			buildConfigurationList = 2F779D8A2F2A367B003B1627 /* Build configuration list for PBXProject "tuya-aivoice-ios-sdk-sample-objc" */;
			developmentRegion = en;
			hasScannedForEncodings = 0;
			knownRegions = (
				en,
				Base,
			);
			mainGroup = 2F779D862F2A367B003B1627;
			minimizedProjectReferenceProxies = 1;
			preferredProjectObjectVersion = 77;
			productRefGroup = 2F779D902F2A367B003B1627 /* Products */;
			projectDirPath = "";
			projectRoot = "";
			targets = (
				2F779D8E2F2A367B003B1627 /* tuya-aivoice-ios-sdk-sample-objc */,
			);
		};
/* End PBXProject section */

/* Begin PBXResourcesBuildPhase section */
		2F779D8D2F2A367B003B1627 /* Resources */ = {
			isa = PBXResourcesBuildPhase;
			buildActionMask = 2147483647;
			files = (
			);
			runOnlyForDeploymentPostprocessing = 0;
		};
/* End PBXResourcesBuildPhase section */

/* Begin PBXShellScriptBuildPhase section */
		4EA0A3D9E0C9A507ADB187CA /* [CP] Check Pods Manifest.lock */ = {
			isa = PBXShellScriptBuildPhase;
			buildActionMask = 2147483647;
			files = (
			);
			inputFileListPaths = (
			);
			inputPaths = (
				"${PODS_PODFILE_DIR_PATH}/Podfile.lock",
				"${PODS_ROOT}/Manifest.lock",
			);
			name = "[CP] Check Pods Manifest.lock";
			outputFileListPaths = (
			);
			outputPaths = (
				"$(DERIVED_FILE_DIR)/Pods-tuya-aivoice-ios-sdk-sample-objc-checkManifestLockResult.txt",
			);
			runOnlyForDeploymentPostprocessing = 0;
			shellPath = /bin/sh;
			shellScript = "diff \"${PODS_PODFILE_DIR_PATH}/Podfile.lock\" \"${PODS_ROOT}/Manifest.lock\" > /dev/null\nif [ $? != 0 ] ; then\n    # print error to STDERR\n    echo \"error: The sandbox is not in sync with the Podfile.lock. Run 'pod install' or update your CocoaPods installation.\" >&2\n    exit 1\nfi\n# This output is used by Xcode 'outputs' to avoid re-running this script phase.\necho \"SUCCESS\" > \"${SCRIPT_OUTPUT_FILE_0}\"\n";
			showEnvVarsInLog = 0;
		};
		5DF0AC38941A7B887A7B2E40 /* [CP] Embed Pods Frameworks */ = {
			isa = PBXShellScriptBuildPhase;
			buildActionMask = 2147483647;
			files = (
			);
			inputFileListPaths = (
				"${PODS_ROOT}/Target Support Files/Pods-tuya-aivoice-ios-sdk-sample-objc/Pods-tuya-aivoice-ios-sdk-sample-objc-frameworks-${CONFIGURATION}-input-files.xcfilelist",
			);
			inputPaths = (
			);
			name = "[CP] Embed Pods Frameworks";
			outputFileListPaths = (
				"${PODS_ROOT}/Target Support Files/Pods-tuya-aivoice-ios-sdk-sample-objc/Pods-tuya-aivoice-ios-sdk-sample-objc-frameworks-${CONFIGURATION}-output-files.xcfilelist",
			);
			outputPaths = (
			);
			runOnlyForDeploymentPostprocessing = 0;
			shellPath = /bin/sh;
			shellScript = "\"${PODS_ROOT}/Target Support Files/Pods-tuya-aivoice-ios-sdk-sample-objc/Pods-tuya-aivoice-ios-sdk-sample-objc-frameworks.sh\"\n";
			showEnvVarsInLog = 0;
		};
		94663A92B86CB4F12B8E4222 /* [CP] Copy Pods Resources */ = {
			isa = PBXShellScriptBuildPhase;
			buildActionMask = 2147483647;
			files = (
			);
			inputFileListPaths = (
				"${PODS_ROOT}/Target Support Files/Pods-tuya-aivoice-ios-sdk-sample-objc/Pods-tuya-aivoice-ios-sdk-sample-objc-resources-${CONFIGURATION}-input-files.xcfilelist",
			);
			inputPaths = (
			);
			name = "[CP] Copy Pods Resources";
			outputFileListPaths = (
				"${PODS_ROOT}/Target Support Files/Pods-tuya-aivoice-ios-sdk-sample-objc/Pods-tuya-aivoice-ios-sdk-sample-objc-resources-${CONFIGURATION}-output-files.xcfilelist",
			);
			outputPaths = (
			);
			runOnlyForDeploymentPostprocessing = 0;
			shellPath = /bin/sh;
			shellScript = "\"${PODS_ROOT}/Target Support Files/Pods-tuya-aivoice-ios-sdk-sample-objc/Pods-tuya-aivoice-ios-sdk-sample-objc-resources.sh\"\n";
			showEnvVarsInLog = 0;
		};
/* End PBXShellScriptBuildPhase section */

/* Begin PBXSourcesBuildPhase section */
		2F779D8B2F2A367B003B1627 /* Sources */ = {
			isa = PBXSourcesBuildPhase;
			buildActionMask = 2147483647;
			files = (
			);
			runOnlyForDeploymentPostprocessing = 0;
		};
/* End PBXSourcesBuildPhase section */

/* Begin XCBuildConfiguration section */
		2F779DA82F2A367D003B1627 /* Debug */ = {
			isa = XCBuildConfiguration;
			baseConfigurationReference = 0222210938E0D06DF544ACDC /* Pods-tuya-aivoice-ios-sdk-sample-objc.debug.xcconfig */;
			buildSettings = {
				ASSETCATALOG_COMPILER_APPICON_NAME = AppIcon;
				ASSETCATALOG_COMPILER_GLOBAL_ACCENT_COLOR_NAME = AccentColor;
				CODE_SIGN_STYLE = Automatic;
				CURRENT_PROJECT_VERSION = 1;
				DEVELOPMENT_TEAM = DUL9LYV48S;
				ENABLE_USER_SCRIPT_SANDBOXING = NO;
				GENERATE_INFOPLIST_FILE = YES;
				INFOPLIST_FILE = "$(SRCROOT)/tuya-aivoice-ios-sdk-sample-objc/Info.plist";
				INFOPLIST_KEY_NSBluetoothAlwaysUsageDescription = "需要获取蓝牙权限";
				INFOPLIST_KEY_NSCameraUsageDescription = "需要获取相机权限以扫描设备";
				INFOPLIST_KEY_NSLocationWhenInUseUsageDescription = "需要获取您的位置信息以创建家庭";
				INFOPLIST_KEY_NSMicrophoneUsageDescription = "需要获取麦克风权限";
				INFOPLIST_KEY_NSPhotoLibraryUsageDescription = "App 需要您的同意，才能访问相册";
				INFOPLIST_KEY_UIApplicationSupportsIndirectInputEvents = YES;
				INFOPLIST_KEY_UILaunchStoryboardName = LaunchScreen;
				INFOPLIST_KEY_UIMainStoryboardFile = Main;
				INFOPLIST_KEY_UISupportedInterfaceOrientations_iPad = "UIInterfaceOrientationPortrait UIInterfaceOrientationPortraitUpsideDown UIInterfaceOrientationLandscapeLeft UIInterfaceOrientationLandscapeRight";
				INFOPLIST_KEY_UISupportedInterfaceOrientations_iPhone = "UIInterfaceOrientationPortrait UIInterfaceOrientationLandscapeLeft UIInterfaceOrientationLandscapeRight";
				IPHONEOS_DEPLOYMENT_TARGET = 12.0;
				LD_RUNPATH_SEARCH_PATHS = (
					"$(inherited)",
					"@executable_path/Frameworks",
				);
				MARKETING_VERSION = 1.0;
				PRODUCT_BUNDLE_IDENTIFIER = com.aivoice.sample;
				PRODUCT_NAME = "$(TARGET_NAME)";
				STRING_CATALOG_GENERATE_SYMBOLS = YES;
				SWIFT_EMIT_LOC_STRINGS = YES;
				TARGETED_DEVICE_FAMILY = "1,2";
			};
			name = Debug;
		};
		2F779DA92F2A367D003B1627 /* Release */ = {
			isa = XCBuildConfiguration;
			baseConfigurationReference = 5785670D15A60378245F8CC9 /* Pods-tuya-aivoice-ios-sdk-sample-objc.release.xcconfig */;
			buildSettings = {
				ASSETCATALOG_COMPILER_APPICON_NAME = AppIcon;
				ASSETCATALOG_COMPILER_GLOBAL_ACCENT_COLOR_NAME = AccentColor;
				CODE_SIGN_STYLE = Automatic;
				CURRENT_PROJECT_VERSION = 1;
				DEVELOPMENT_TEAM = DUL9LYV48S;
				ENABLE_USER_SCRIPT_SANDBOXING = NO;
				GENERATE_INFOPLIST_FILE = YES;
				INFOPLIST_FILE = "$(SRCROOT)/tuya-aivoice-ios-sdk-sample-objc/Info.plist";
				INFOPLIST_KEY_NSBluetoothAlwaysUsageDescription = "需要获取蓝牙权限";
				INFOPLIST_KEY_NSCameraUsageDescription = "需要获取相机权限以扫描设备";
				INFOPLIST_KEY_NSLocationWhenInUseUsageDescription = "需要获取您的位置信息以创建家庭";
				INFOPLIST_KEY_NSMicrophoneUsageDescription = "需要获取麦克风权限";
				INFOPLIST_KEY_NSPhotoLibraryUsageDescription = "App 需要您的同意，才能访问相册";
				INFOPLIST_KEY_UIApplicationSupportsIndirectInputEvents = YES;
				INFOPLIST_KEY_UILaunchStoryboardName = LaunchScreen;
				INFOPLIST_KEY_UIMainStoryboardFile = Main;
				INFOPLIST_KEY_UISupportedInterfaceOrientations_iPad = "UIInterfaceOrientationPortrait UIInterfaceOrientationPortraitUpsideDown UIInterfaceOrientationLandscapeLeft UIInterfaceOrientationLandscapeRight";
				INFOPLIST_KEY_UISupportedInterfaceOrientations_iPhone = "UIInterfaceOrientationPortrait UIInterfaceOrientationLandscapeLeft UIInterfaceOrientationLandscapeRight";
				IPHONEOS_DEPLOYMENT_TARGET = 12.0;
				LD_RUNPATH_SEARCH_PATHS = (
					"$(inherited)",
					"@executable_path/Frameworks",
				);
				MARKETING_VERSION = 1.0;
				PRODUCT_BUNDLE_IDENTIFIER = com.aivoice.sample;
				PRODUCT_NAME = "$(TARGET_NAME)";
				STRING_CATALOG_GENERATE_SYMBOLS = YES;
				SWIFT_EMIT_LOC_STRINGS = YES;
				TARGETED_DEVICE_FAMILY = "1,2";
			};
			name = Release;
		};
		2F779DAA2F2A367D003B1627 /* Debug */ = {
			isa = XCBuildConfiguration;
			buildSettings = {
				ALWAYS_SEARCH_USER_PATHS = NO;
				ASSETCATALOG_COMPILER_GENERATE_SWIFT_ASSET_SYMBOL_EXTENSIONS = YES;
				CLANG_ANALYZER_NONNULL = YES;
				CLANG_ANALYZER_NUMBER_OBJECT_CONVERSION = YES_AGGRESSIVE;
				CLANG_CXX_LANGUAGE_STANDARD = "gnu++20";
				CLANG_ENABLE_MODULES = YES;
				CLANG_ENABLE_OBJC_ARC = YES;
				CLANG_ENABLE_OBJC_WEAK = YES;
				CLANG_WARN_BLOCK_CAPTURE_AUTORELEASING = YES;
				CLANG_WARN_BOOL_CONVERSION = YES;
				CLANG_WARN_COMMA = YES;
				CLANG_WARN_CONSTANT_CONVERSION = YES;
				CLANG_WARN_DEPRECATED_OBJC_IMPLEMENTATIONS = YES;
				CLANG_WARN_DIRECT_OBJC_ISA_USAGE = YES_ERROR;
				CLANG_WARN_DOCUMENTATION_COMMENTS = YES;
				CLANG_WARN_EMPTY_BODY = YES;
				CLANG_WARN_ENUM_CONVERSION = YES;
				CLANG_WARN_INFINITE_RECURSION = YES;
				CLANG_WARN_INT_CONVERSION = YES;
				CLANG_WARN_NON_LITERAL_NULL_CONVERSION = YES;
				CLANG_WARN_OBJC_IMPLICIT_RETAIN_SELF = YES;
				CLANG_WARN_OBJC_LITERAL_CONVERSION = YES;
				CLANG_WARN_OBJC_ROOT_CLASS = YES_ERROR;
				CLANG_WARN_QUOTED_INCLUDE_IN_FRAMEWORK_HEADER = YES;
				CLANG_WARN_RANGE_LOOP_ANALYSIS = YES;
				CLANG_WARN_STRICT_PROTOTYPES = YES;
				CLANG_WARN_SUSPICIOUS_MOVE = YES;
				CLANG_WARN_UNGUARDED_AVAILABILITY = YES_AGGRESSIVE;
				CLANG_WARN_UNREACHABLE_CODE = YES;
				CLANG_WARN__DUPLICATE_METHOD_MATCH = YES;
				COPY_PHASE_STRIP = NO;
				DEBUG_INFORMATION_FORMAT = dwarf;
				DEVELOPMENT_TEAM = DUL9LYV48S;
				ENABLE_STRICT_OBJC_MSGSEND = YES;
				ENABLE_TESTABILITY = YES;
				ENABLE_USER_SCRIPT_SANDBOXING = YES;
				GCC_C_LANGUAGE_STANDARD = gnu17;
				GCC_DYNAMIC_NO_PIC = NO;
				GCC_NO_COMMON_BLOCKS = YES;
				GCC_OPTIMIZATION_LEVEL = 0;
				GCC_PREPROCESSOR_DEFINITIONS = (
					"DEBUG=1",
					"$(inherited)",
				);
				GCC_WARN_64_TO_32_BIT_CONVERSION = YES;
				GCC_WARN_ABOUT_RETURN_TYPE = YES_ERROR;
				GCC_WARN_UNDECLARED_SELECTOR = YES;
				GCC_WARN_UNINITIALIZED_AUTOS = YES_AGGRESSIVE;
				GCC_WARN_UNUSED_FUNCTION = YES;
				GCC_WARN_UNUSED_VARIABLE = YES;
				IPHONEOS_DEPLOYMENT_TARGET = 26.2;
				LOCALIZATION_PREFERS_STRING_CATALOGS = YES;
				MTL_ENABLE_DEBUG_INFO = INCLUDE_SOURCE;
				MTL_FAST_MATH = YES;
				ONLY_ACTIVE_ARCH = YES;
				SDKROOT = iphoneos;
			};
			name = Debug;
		};
		2F779DAB2F2A367D003B1627 /* Release */ = {
			isa = XCBuildConfiguration;
			buildSettings = {
				ALWAYS_SEARCH_USER_PATHS = NO;
				ASSETCATALOG_COMPILER_GENERATE_SWIFT_ASSET_SYMBOL_EXTENSIONS = YES;
				CLANG_ANALYZER_NONNULL = YES;
				CLANG_ANALYZER_NUMBER_OBJECT_CONVERSION = YES_AGGRESSIVE;
				CLANG_CXX_LANGUAGE_STANDARD = "gnu++20";
				CLANG_ENABLE_MODULES = YES;
				CLANG_ENABLE_OBJC_ARC = YES;
				CLANG_ENABLE_OBJC_WEAK = YES;
				CLANG_WARN_BLOCK_CAPTURE_AUTORELEASING = YES;
				CLANG_WARN_BOOL_CONVERSION = YES;
				CLANG_WARN_COMMA = YES;
				CLANG_WARN_CONSTANT_CONVERSION = YES;
				CLANG_WARN_DEPRECATED_OBJC_IMPLEMENTATIONS = YES;
				CLANG_WARN_DIRECT_OBJC_ISA_USAGE = YES_ERROR;
				CLANG_WARN_DOCUMENTATION_COMMENTS = YES;
				CLANG_WARN_EMPTY_BODY = YES;
				CLANG_WARN_ENUM_CONVERSION = YES;
				CLANG_WARN_INFINITE_RECURSION = YES;
				CLANG_WARN_INT_CONVERSION = YES;
				CLANG_WARN_NON_LITERAL_NULL_CONVERSION = YES;
				CLANG_WARN_OBJC_IMPLICIT_RETAIN_SELF = YES;
				CLANG_WARN_OBJC_LITERAL_CONVERSION = YES;
				CLANG_WARN_OBJC_ROOT_CLASS = YES_ERROR;
				CLANG_WARN_QUOTED_INCLUDE_IN_FRAMEWORK_HEADER = YES;
				CLANG_WARN_RANGE_LOOP_ANALYSIS = YES;
				CLANG_WARN_STRICT_PROTOTYPES = YES;
				CLANG_WARN_SUSPICIOUS_MOVE = YES;
				CLANG_WARN_UNGUARDED_AVAILABILITY = YES_AGGRESSIVE;
				CLANG_WARN_UNREACHABLE_CODE = YES;
				CLANG_WARN__DUPLICATE_METHOD_MATCH = YES;
				COPY_PHASE_STRIP = NO;
				DEBUG_INFORMATION_FORMAT = "dwarf-with-dsym";
				DEVELOPMENT_TEAM = DUL9LYV48S;
				ENABLE_NS_ASSERTIONS = NO;
				ENABLE_STRICT_OBJC_MSGSEND = YES;
				ENABLE_USER_SCRIPT_SANDBOXING = YES;
				GCC_C_LANGUAGE_STANDARD = gnu17;
				GCC_NO_COMMON_BLOCKS = YES;
				GCC_WARN_64_TO_32_BIT_CONVERSION = YES;
				GCC_WARN_ABOUT_RETURN_TYPE = YES_ERROR;
				GCC_WARN_UNDECLARED_SELECTOR = YES;
				GCC_WARN_UNINITIALIZED_AUTOS = YES_AGGRESSIVE;
				GCC_WARN_UNUSED_FUNCTION = YES;
				GCC_WARN_UNUSED_VARIABLE = YES;
				IPHONEOS_DEPLOYMENT_TARGET = 26.2;
				LOCALIZATION_PREFERS_STRING_CATALOGS = YES;
				MTL_ENABLE_DEBUG_INFO = NO;
				MTL_FAST_MATH = YES;
				SDKROOT = iphoneos;
				VALIDATE_PRODUCT = YES;
			};
			name = Release;
		};
/* End XCBuildConfiguration section */

/* Begin XCConfigurationList section */
		2F779D8A2F2A367B003B1627 /* Build configuration list for PBXProject "tuya-aivoice-ios-sdk-sample-objc" */ = {
			isa = XCConfigurationList;
			buildConfigurations = (
				2F779DAA2F2A367D003B1627 /* Debug */,
				2F779DAB2F2A367D003B1627 /* Release */,
			);
			defaultConfigurationIsVisible = 0;
			defaultConfigurationName = Release;
		};
		2F779DA72F2A367D003B1627 /* Build configuration list for PBXNativeTarget "tuya-aivoice-ios-sdk-sample-objc" */ = {
			isa = XCConfigurationList;
			buildConfigurations = (
				2F779DA82F2A367D003B1627 /* Debug */,
				2F779DA92F2A367D003B1627 /* Release */,
			);
			defaultConfigurationIsVisible = 0;
			defaultConfigurationName = Release;
		};
/* End XCConfigurationList section */
	};
	rootObject = 2F779D872F2A367B003B1627 /* Project object */;
}
